// !$*UTF8*$!
{
	archiveVersion = 1;
	classes = {
	};
	objectVersion = 46;
	objects = {

/* Begin PBXBuildFile section */
		07377F74D8A239249DCFD411CFF6A616 /* main.swift in Sources */ = {isa = PBXBuildFile; fileRef = 226364F2A28979C77EE3BE6F9C7617F4 /* main.swift */; };
		2DBDB4442E4ACC4EB95196D186CE8DC0 /* DeeplinkHandler.swift in Sources */ = {isa = PBXBuildFile; fileRef = E51DEB1B93C060DA525A1648FBE12821 /* DeeplinkHandler.swift */; };
		51D05BF831F29804403B3E553E54892E /* UIKit.framework in Frameworks */ = {isa = PBXBuildFile; fileRef = 946EA2F887D9E9D1AD268E4D967E156A /* UIKit.framework */; };
		595C63CDCF0D268C3B545F8E7F444371 /* Foundation.framework in Frameworks */ = {isa = PBXBuildFile; fileRef = 5DEDBEA897C060794CE0DD62E23F5F35 /* Foundation.framework */; };
		89BDC1E5DB1E81E1104289C4AC7176B2 /* Configuration.plist in Resources */ = {isa = PBXBuildFile; fileRef = 8B6F58DFF5A74EE94153E9F2449D6EA1 /* Configuration.plist */; };
		9471AB8CA8A1D52D422492B85F9E48D2 /* Localizable.strings in Resources */ = {isa = PBXBuildFile; fileRef = 77DAF39E0B5A7400122190E29C037941 /* Localizable.strings */; };
		980203D59239EE4D0DE087A94151BEA6 /* LaunchScreen.storyboard in Resources */ = {isa = PBXBuildFile; fileRef = D7BDC484EE1C3CFF598192D0D994C6E0 /* LaunchScreen.storyboard */; };
		AF945E675A9B187CCCE92D9C8E0CD00B /* AppDelegate.swift in Sources */ = {isa = PBXBuildFile; fileRef = 398710299C8B9BC92520D4C942A18AB4 /* AppDelegate.swift */; };
		B50D04122120101BB5C7991DC848D195 /* Assets.xcassets in Resources */ = {isa = PBXBuildFile; fileRef = 40B2FB8D4689753AC9EECD497421A1E8 /* Assets.xcassets */; };
		F3C25F78A0E4AA3FF02209E0A53DB03A /* NotificationsHandler.swift in Sources */ = {isa = PBXBuildFile; fileRef = 99509A368E829EFDE9F10C4015DB3619 /* NotificationsHandler.swift */; };
		F4C76D7FA3C31A760E013891D5DBBBBB /* Pods_DemoXcode14NonParallelBuild.framework in Frameworks */ = {isa = PBXBuildFile; fileRef = A8701CD86ACEADAC7FA737BA77BCB336 /* Pods_DemoXcode14NonParallelBuild.framework */; };
		F78DEFCFD24F9AF37339E63028D349E6 /* RootRouter.swift in Sources */ = {isa = PBXBuildFile; fileRef = FB89FB9715447189C98F4DF65193B3F6 /* RootRouter.swift */; };
		FF4F28CF1B315301B42763D64BF866F7 /* ConfigurationManager.swift in Sources */ = {isa = PBXBuildFile; fileRef = 276AA0C26AD515D5C89973EDA57CB1F7 /* ConfigurationManager.swift */; };
/* End PBXBuildFile section */

/* Begin PBXFileReference section */
		048AB0DD0A5F6541D99D9FF7E36423AB /* Pods-DemoXcode14NonParallelBuild.debug.xcconfig */ = {isa = PBXFileReference; includeInIndex = 1; lastKnownFileType = text.xcconfig; name = "Pods-DemoXcode14NonParallelBuild.debug.xcconfig"; path = "Target Support Files/Pods-DemoXcode14NonParallelBuild/Pods-DemoXcode14NonParallelBuild.debug.xcconfig"; sourceTree = "<group>"; };
		152CFA3C0E12247F9B8E641AB144010A /* Pods-DemoXcode14NonParallelBuild.release.xcconfig */ = {isa = PBXFileReference; includeInIndex = 1; lastKnownFileType = text.xcconfig; name = "Pods-DemoXcode14NonParallelBuild.release.xcconfig"; path = "Target Support Files/Pods-DemoXcode14NonParallelBuild/Pods-DemoXcode14NonParallelBuild.release.xcconfig"; sourceTree = "<group>"; };
		226364F2A28979C77EE3BE6F9C7617F4 /* main.swift */ = {isa = PBXFileReference; includeInIndex = 1; lastKnownFileType = sourcecode.swift; path = main.swift; sourceTree = "<group>"; };
		276AA0C26AD515D5C89973EDA57CB1F7 /* ConfigurationManager.swift */ = {isa = PBXFileReference; includeInIndex = 1; lastKnownFileType = sourcecode.swift; path = ConfigurationManager.swift; sourceTree = "<group>"; };
		398710299C8B9BC92520D4C942A18AB4 /* AppDelegate.swift */ = {isa = PBXFileReference; includeInIndex = 1; lastKnownFileType = sourcecode.swift; path = AppDelegate.swift; sourceTree = "<group>"; };
		40B2FB8D4689753AC9EECD497421A1E8 /* Assets.xcassets */ = {isa = PBXFileReference; includeInIndex = 1; lastKnownFileType = folder.assetcatalog; path = Assets.xcassets; sourceTree = "<group>"; };
		5364CFCB45EA03CC2E9C840A4B015517 /* DemoXcode14NonParallelBuild.app */ = {isa = PBXFileReference; explicitFileType = wrapper.application; includeInIndex = 0; path = DemoXcode14NonParallelBuild.app; sourceTree = BUILT_PRODUCTS_DIR; };
		5DEDBEA897C060794CE0DD62E23F5F35 /* Foundation.framework */ = {isa = PBXFileReference; lastKnownFileType = wrapper.framework; name = Foundation.framework; path = Platforms/iPhoneOS.platform/Developer/SDKs/iPhoneOS14.0.sdk/System/Library/Frameworks/Foundation.framework; sourceTree = DEVELOPER_DIR; };
		6A3B4095FD4979BCFEF00408A9376CF1 /* Info.plist */ = {isa = PBXFileReference; includeInIndex = 1; lastKnownFileType = text.plist.xml; path = Info.plist; sourceTree = "<group>"; };
		77DAF39E0B5A7400122190E29C037941 /* Localizable.strings */ = {isa = PBXFileReference; includeInIndex = 1; lastKnownFileType = text.plist.strings; path = Localizable.strings; sourceTree = "<group>"; };
		8B6F58DFF5A74EE94153E9F2449D6EA1 /* Configuration.plist */ = {isa = PBXFileReference; includeInIndex = 1; lastKnownFileType = text.plist.xml; path = Configuration.plist; sourceTree = "<group>"; };
		946EA2F887D9E9D1AD268E4D967E156A /* UIKit.framework */ = {isa = PBXFileReference; lastKnownFileType = wrapper.framework; name = UIKit.framework; path = Platforms/iPhoneOS.platform/Developer/SDKs/iPhoneOS14.0.sdk/System/Library/Frameworks/UIKit.framework; sourceTree = DEVELOPER_DIR; };
		99509A368E829EFDE9F10C4015DB3619 /* NotificationsHandler.swift */ = {isa = PBXFileReference; includeInIndex = 1; lastKnownFileType = sourcecode.swift; path = NotificationsHandler.swift; sourceTree = "<group>"; };
		A8701CD86ACEADAC7FA737BA77BCB336 /* Pods_DemoXcode14NonParallelBuild.framework */ = {isa = PBXFileReference; explicitFileType = wrapper.framework; includeInIndex = 0; path = Pods_DemoXcode14NonParallelBuild.framework; sourceTree = BUILT_PRODUCTS_DIR; };
		D7BDC484EE1C3CFF598192D0D994C6E0 /* LaunchScreen.storyboard */ = {isa = PBXFileReference; includeInIndex = 1; lastKnownFileType = file.storyboard; name = LaunchScreen.storyboard; path = Base.lproj/LaunchScreen.storyboard; sourceTree = "<group>"; };
		E51DEB1B93C060DA525A1648FBE12821 /* DeeplinkHandler.swift */ = {isa = PBXFileReference; includeInIndex = 1; lastKnownFileType = sourcecode.swift; path = DeeplinkHandler.swift; sourceTree = "<group>"; };
		FB89FB9715447189C98F4DF65193B3F6 /* RootRouter.swift */ = {isa = PBXFileReference; includeInIndex = 1; lastKnownFileType = sourcecode.swift; path = RootRouter.swift; sourceTree = "<group>"; };
/* End PBXFileReference section */

/* Begin PBXFrameworksBuildPhase section */
		6F73977E5C32006322F1797343788620 /* Frameworks */ = {
			isa = PBXFrameworksBuildPhase;
			buildActionMask = 2147483647;
			files = (
				595C63CDCF0D268C3B545F8E7F444371 /* Foundation.framework in Frameworks */,
				F4C76D7FA3C31A760E013891D5DBBBBB /* Pods_DemoXcode14NonParallelBuild.framework in Frameworks */,
				51D05BF831F29804403B3E553E54892E /* UIKit.framework in Frameworks */,
			);
			runOnlyForDeploymentPostprocessing = 0;
		};
/* End PBXFrameworksBuildPhase section */

/* Begin PBXGroup section */
		0D43C7C37F199FEDDE0296E57B952ACE /* Launch */ = {
			isa = PBXGroup;
			children = (
				C5E4FCB36789456365D60969622DCCCE /* LaunchScreen.storyboard */,
			);
			name = Launch;
			path = Launch;
			sourceTree = "<group>";
		};
		122F2A6DBC2FC5F22881F4A722E121C0 /* DemoXcode14NonParallelBuild */ = {
			isa = PBXGroup;
			children = (
				398710299C8B9BC92520D4C942A18AB4 /* AppDelegate.swift */,
				3E8E9FC76A94B579281B5E673999619F /* Helpers */,
				226364F2A28979C77EE3BE6F9C7617F4 /* main.swift */,
				2008A504D40C3D847742062E798ED696 /* Modules */,
				DFCE97B5A831FF3BE577FA7B5803AA8B /* Resources */,
				57D2DC729321B9CF738DC8CBD92C54FF /* Supporting Files */,
			);
			name = DemoXcode14NonParallelBuild;
			path = DemoXcode14NonParallelBuild;
			sourceTree = "<group>";
		};
		15F93E7DEBD289B413D0E50D37268A2D /* Images */ = {
			isa = PBXGroup;
			children = (
				40B2FB8D4689753AC9EECD497421A1E8 /* Assets.xcassets */,
			);
			name = Images;
			path = Images;
			sourceTree = "<group>";
		};
		1AF3B06944830767FACB1D63F2759BC4 /* Utilities */ = {
			isa = PBXGroup;
			children = (
				276AA0C26AD515D5C89973EDA57CB1F7 /* ConfigurationManager.swift */,
				E51DEB1B93C060DA525A1648FBE12821 /* DeeplinkHandler.swift */,
				99509A368E829EFDE9F10C4015DB3619 /* NotificationsHandler.swift */,
				FB89FB9715447189C98F4DF65193B3F6 /* RootRouter.swift */,
			);
			name = Utilities;
			path = Utilities;
			sourceTree = "<group>";
		};
		1E36D2099675A39129506CBB6A7F843E /* Translations */ = {
			isa = PBXGroup;
			children = (
				77DAF39E0B5A7400122190E29C037941 /* Localizable.strings */,
			);
			name = Translations;
			path = Translations;
			sourceTree = "<group>";
		};
		2008A504D40C3D847742062E798ED696 /* Modules */ = {
			isa = PBXGroup;
			children = (
				0D43C7C37F199FEDDE0296E57B952ACE /* Launch */,
			);
			name = Modules;
			path = Modules;
			sourceTree = "<group>";
		};
		3E8E9FC76A94B579281B5E673999619F /* Helpers */ = {
			isa = PBXGroup;
			children = (
				1AF3B06944830767FACB1D63F2759BC4 /* Utilities */,
			);
			name = Helpers;
			path = Helpers;
			sourceTree = "<group>";
		};
		5402D87C2C1DF99D7ABB25B2056092BF = {
			isa = PBXGroup;
			children = (
				122F2A6DBC2FC5F22881F4A722E121C0 /* DemoXcode14NonParallelBuild */,
				ED43EFECF5E7D7900DF14CC88A4457CD /* Frameworks */,
				BE37A19870C0FA5A727562726A29FAC4 /* Pods */,
				65DEC75A49A28B0910502136A82BE88E /* Products */,
			);
			sourceTree = "<group>";
		};
		57D2DC729321B9CF738DC8CBD92C54FF /* Supporting Files */ = {
			isa = PBXGroup;
			children = (
				8B6F58DFF5A74EE94153E9F2449D6EA1 /* Configuration.plist */,
				6A3B4095FD4979BCFEF00408A9376CF1 /* Info.plist */,
			);
			name = "Supporting Files";
			path = "Supporting Files";
			sourceTree = "<group>";
		};
		65DEC75A49A28B0910502136A82BE88E /* Products */ = {
			isa = PBXGroup;
			children = (
				5364CFCB45EA03CC2E9C840A4B015517 /* DemoXcode14NonParallelBuild.app */,
			);
			name = Products;
			sourceTree = "<group>";
		};
		807727979F52BC1B2D0DD8CC76439EDF /* iOS */ = {
			isa = PBXGroup;
			children = (
				5DEDBEA897C060794CE0DD62E23F5F35 /* Foundation.framework */,
				946EA2F887D9E9D1AD268E4D967E156A /* UIKit.framework */,
			);
			name = iOS;
			sourceTree = "<group>";
		};
		BE37A19870C0FA5A727562726A29FAC4 /* Pods */ = {
			isa = PBXGroup;
			children = (
				048AB0DD0A5F6541D99D9FF7E36423AB /* Pods-DemoXcode14NonParallelBuild.debug.xcconfig */,
				152CFA3C0E12247F9B8E641AB144010A /* Pods-DemoXcode14NonParallelBuild.release.xcconfig */,
			);
			name = Pods;
			path = Pods;
			sourceTree = "<group>";
		};
		DFCE97B5A831FF3BE577FA7B5803AA8B /* Resources */ = {
			isa = PBXGroup;
			children = (
				15F93E7DEBD289B413D0E50D37268A2D /* Images */,
				1E36D2099675A39129506CBB6A7F843E /* Translations */,
			);
			name = Resources;
			path = Resources;
			sourceTree = "<group>";
		};
		ED43EFECF5E7D7900DF14CC88A4457CD /* Frameworks */ = {
			isa = PBXGroup;
			children = (
				807727979F52BC1B2D0DD8CC76439EDF /* iOS */,
				A8701CD86ACEADAC7FA737BA77BCB336 /* Pods_DemoXcode14NonParallelBuild.framework */,
			);
			name = Frameworks;
			sourceTree = "<group>";
		};
/* End PBXGroup section */

/* Begin PBXNativeTarget section */
		7B954E847CE4450F1495CBDFBCCEC024 /* DemoXcode14NonParallelBuild */ = {
			isa = PBXNativeTarget;
			buildConfigurationList = 0D905290016E0A89661A29FDDBC4D2AE /* Build configuration list for PBXNativeTarget "DemoXcode14NonParallelBuild" */;
			buildPhases = (
				3A7338C5AAA5FA37D722B5A2491ECF14 /* [CP] Check Pods Manifest.lock */,
				35F0677488CCD46914AEF4F39A6C4E71 /* Resources */,
				67F9A6F76A1F89122F9A3895AF6185F5 /* Sources */,
				20DDC2D0F3CF9A3944EA6040B72E1230 /* Sleeeep */,
				6F73977E5C32006322F1797343788620 /* Frameworks */,
			);
			buildRules = (
			);
			dependencies = (
			);
			name = DemoXcode14NonParallelBuild;
			productName = DemoXcode14NonParallelBuild;
			productReference = 5364CFCB45EA03CC2E9C840A4B015517 /* DemoXcode14NonParallelBuild.app */;
			productType = "com.apple.product-type.application";
		};
/* End PBXNativeTarget section */

/* Begin PBXProject section */
		1EB6939E3B9CD04F4C236ACDA46319EF /* Project object */ = {
			isa = PBXProject;
			attributes = {
				LastSwiftUpdateCheck = 1240;
				LastUpgradeCheck = 1240;
			};
			buildConfigurationList = 83B29B0EF37B43807DE617B00EB07801 /* Build configuration list for PBXProject "DemoXcode14NonParallelBuild" */;
			compatibilityVersion = "Xcode 3.2";
			developmentRegion = en;
			hasScannedForEncodings = 0;
			knownRegions = (
				en,
				Base,
			);
			mainGroup = 5402D87C2C1DF99D7ABB25B2056092BF;
			productRefGroup = 65DEC75A49A28B0910502136A82BE88E /* Products */;
			projectDirPath = "";
			projectRoot = "";
			targets = (
				7B954E847CE4450F1495CBDFBCCEC024 /* DemoXcode14NonParallelBuild */,
			);
		};
/* End PBXProject section */

/* Begin PBXResourcesBuildPhase section */
		35F0677488CCD46914AEF4F39A6C4E71 /* Resources */ = {
			isa = PBXResourcesBuildPhase;
			buildActionMask = 2147483647;
			files = (
				B50D04122120101BB5C7991DC848D195 /* Assets.xcassets in Resources */,
				89BDC1E5DB1E81E1104289C4AC7176B2 /* Configuration.plist in Resources */,
				980203D59239EE4D0DE087A94151BEA6 /* LaunchScreen.storyboard in Resources */,
				9471AB8CA8A1D52D422492B85F9E48D2 /* Localizable.strings in Resources */,
			);
			runOnlyForDeploymentPostprocessing = 0;
		};
/* End PBXResourcesBuildPhase section */

/* Begin PBXShellScriptBuildPhase section */
		20DDC2D0F3CF9A3944EA6040B72E1230 /* Sleeeep */ = {
			isa = PBXShellScriptBuildPhase;
			buildActionMask = 2147483647;
			files = (
			);
			inputFileListPaths = (
			);
			inputPaths = (
				"${SRCROOT}/DemoXcode14NonParallelBuild/AppDelegate.swift",
				"${SRCROOT}/DemoXcode14NonParallelBuild/Helpers/Utilities/ConfigurationManager.swift",
				"${SRCROOT}/DemoXcode14NonParallelBuild/Helpers/Utilities/DeeplinkHandler.swift",
				"${SRCROOT}/DemoXcode14NonParallelBuild/Helpers/Utilities/NotificationsHandler.swift",
				"${SRCROOT}/DemoXcode14NonParallelBuild/Helpers/Utilities/RootRouter.swift",
				"${SRCROOT}/DemoXcode14NonParallelBuild/main.swift",
			);
			name = Sleeeep;
			outputFileListPaths = (
			);
			outputPaths = (
				"${BUILT_PRODUCTS_DIR}/SwiftLint-touched.txt",
			);
			runOnlyForDeploymentPostprocessing = 0;
			shellPath = /bin/sh;
			shellScript = "trap 'exit 0;' INT\nsleep 5 && echo \"Main target\" > ${BUILT_PRODUCTS_DIR}/SwiftLint-touched.txt\n";
		};
		3A7338C5AAA5FA37D722B5A2491ECF14 /* [CP] Check Pods Manifest.lock */ = {
			isa = PBXShellScriptBuildPhase;
			buildActionMask = 2147483647;
			files = (
			);
			inputFileListPaths = (
			);
			inputPaths = (
				"${PODS_PODFILE_DIR_PATH}/Podfile.lock",
				"${PODS_ROOT}/Manifest.lock",
			);
			name = "[CP] Check Pods Manifest.lock";
			outputFileListPaths = (
			);
			outputPaths = (
				"$(DERIVED_FILE_DIR)/Pods-DemoXcode14NonParallelBuild-checkManifestLockResult.txt",
			);
			runOnlyForDeploymentPostprocessing = 0;
			shellPath = /bin/sh;
			shellScript = "diff \"${PODS_PODFILE_DIR_PATH}/Podfile.lock\" \"${PODS_ROOT}/Manifest.lock\" > /dev/null\nif [ $? != 0 ] ; then\n    # print error to STDERR\n    echo \"error: The sandbox is not in sync with the Podfile.lock. Run 'pod install' or update your CocoaPods installation.\" >&2\n    exit 1\nfi\n# This output is used by Xcode 'outputs' to avoid re-running this script phase.\necho \"SUCCESS\" > \"${SCRIPT_OUTPUT_FILE_0}\"\n";
			showEnvVarsInLog = 0;
		};
/* End PBXShellScriptBuildPhase section */

/* Begin PBXSourcesBuildPhase section */
		67F9A6F76A1F89122F9A3895AF6185F5 /* Sources */ = {
			isa = PBXSourcesBuildPhase;
			buildActionMask = 2147483647;
			files = (
				AF945E675A9B187CCCE92D9C8E0CD00B /* AppDelegate.swift in Sources */,
				FF4F28CF1B315301B42763D64BF866F7 /* ConfigurationManager.swift in Sources */,
				2DBDB4442E4ACC4EB95196D186CE8DC0 /* DeeplinkHandler.swift in Sources */,
				07377F74D8A239249DCFD411CFF6A616 /* main.swift in Sources */,
				F3C25F78A0E4AA3FF02209E0A53DB03A /* NotificationsHandler.swift in Sources */,
				F78DEFCFD24F9AF37339E63028D349E6 /* RootRouter.swift in Sources */,
			);
			runOnlyForDeploymentPostprocessing = 0;
		};
/* End PBXSourcesBuildPhase section */

/* Begin PBXVariantGroup section */
		C5E4FCB36789456365D60969622DCCCE /* LaunchScreen.storyboard */ = {
			isa = PBXVariantGroup;
			children = (
				D7BDC484EE1C3CFF598192D0D994C6E0 /* LaunchScreen.storyboard */,
			);
			name = LaunchScreen.storyboard;
			sourceTree = "<group>";
		};
/* End PBXVariantGroup section */

/* Begin XCBuildConfiguration section */
		32DDC07D5DD58F7EE6D25967304DBBE6 /* Release */ = {
			isa = XCBuildConfiguration;
			buildSettings = {
				ALWAYS_SEARCH_USER_PATHS = NO;
				CLANG_ANALYZER_NONNULL = YES;
				CLANG_ANALYZER_NUMBER_OBJECT_CONVERSION = YES_AGGRESSIVE;
				CLANG_CXX_LANGUAGE_STANDARD = "gnu++14";
				CLANG_CXX_LIBRARY = "libc++";
				CLANG_ENABLE_MODULES = YES;
				CLANG_ENABLE_OBJC_ARC = YES;
				CLANG_ENABLE_OBJC_WEAK = YES;
				CLANG_WARN_BLOCK_CAPTURE_AUTORELEASING = YES;
				CLANG_WARN_BOOL_CONVERSION = YES;
				CLANG_WARN_COMMA = YES;
				CLANG_WARN_CONSTANT_CONVERSION = YES;
				CLANG_WARN_DEPRECATED_OBJC_IMPLEMENTATIONS = YES;
				CLANG_WARN_DIRECT_OBJC_ISA_USAGE = YES_ERROR;
				CLANG_WARN_DOCUMENTATION_COMMENTS = YES;
				CLANG_WARN_EMPTY_BODY = YES;
				CLANG_WARN_ENUM_CONVERSION = YES;
				CLANG_WARN_INFINITE_RECURSION = YES;
				CLANG_WARN_INT_CONVERSION = YES;
				CLANG_WARN_NON_LITERAL_NULL_CONVERSION = YES;
				CLANG_WARN_OBJC_IMPLICIT_RETAIN_SELF = YES;
				CLANG_WARN_OBJC_LITERAL_CONVERSION = YES;
				CLANG_WARN_OBJC_ROOT_CLASS = YES_ERROR;
				CLANG_WARN_QUOTED_INCLUDE_IN_FRAMEWORK_HEADER = YES;
				CLANG_WARN_RANGE_LOOP_ANALYSIS = YES;
				CLANG_WARN_STRICT_PROTOTYPES = YES;
				CLANG_WARN_SUSPICIOUS_MOVE = YES;
				CLANG_WARN_UNGUARDED_AVAILABILITY = YES_AGGRESSIVE;
				CLANG_WARN_UNREACHABLE_CODE = YES;
				CLANG_WARN__DUPLICATE_METHOD_MATCH = YES;
				COPY_PHASE_STRIP = NO;
				DEBUG_INFORMATION_FORMAT = "dwarf-with-dsym";
				ENABLE_NS_ASSERTIONS = NO;
				ENABLE_STRICT_OBJC_MSGSEND = YES;
				GCC_C_LANGUAGE_STANDARD = gnu11;
				GCC_NO_COMMON_BLOCKS = YES;
				GCC_WARN_64_TO_32_BIT_CONVERSION = YES;
				GCC_WARN_ABOUT_RETURN_TYPE = YES_ERROR;
				GCC_WARN_UNDECLARED_SELECTOR = YES;
				GCC_WARN_UNINITIALIZED_AUTOS = YES_AGGRESSIVE;
				GCC_WARN_UNUSED_FUNCTION = YES;
				GCC_WARN_UNUSED_VARIABLE = YES;
				MTL_ENABLE_DEBUG_INFO = NO;
				MTL_FAST_MATH = YES;
				PRODUCT_NAME = "$(TARGET_NAME)";
				SWIFT_COMPILATION_MODE = wholemodule;
				SWIFT_OPTIMIZATION_LEVEL = "-O";
				SWIFT_VERSION = 5.0;
			};
			name = Release;
		};
		7665632A8A7D8913AECBE025783D968C /* Debug */ = {
			isa = XCBuildConfiguration;
			baseConfigurationReference = 048AB0DD0A5F6541D99D9FF7E36423AB /* Pods-DemoXcode14NonParallelBuild.debug.xcconfig */;
			buildSettings = {
				ASSETCATALOG_COMPILER_APPICON_NAME = AppIcon;
				ASSETCATALOG_COMPILER_GLOBAL_ACCENT_COLOR_NAME = AccentColor;
				FUSE_BUILD_SCRIPT_PHASES = YES;
				INFOPLIST_FILE = "DemoXcode14NonParallelBuild/Supporting Files/Info.plist";
				IPHONEOS_DEPLOYMENT_TARGET = 15.0;
				LD_RUNPATH_SEARCH_PATHS = "$(inherited) @executable_path/Frameworks";
				PRODUCT_BUNDLE_IDENTIFIER = com.igor.demoxcode14nonparallelbuild;
				SDKROOT = iphoneos;
				SWIFT_OPTIMIZATION_LEVEL = "-Onone";
				TARGETED_DEVICE_FAMILY = "1,2";
			};
			name = Debug;
		};
		B93344DEB9DBE65BDC6C3D69B4B1A883 /* Release */ = {
			isa = XCBuildConfiguration;
			baseConfigurationReference = 152CFA3C0E12247F9B8E641AB144010A /* Pods-DemoXcode14NonParallelBuild.release.xcconfig */;
			buildSettings = {
				ASSETCATALOG_COMPILER_APPICON_NAME = AppIcon;
				ASSETCATALOG_COMPILER_GLOBAL_ACCENT_COLOR_NAME = AccentColor;
				FUSE_BUILD_SCRIPT_PHASES = YES;
				INFOPLIST_FILE = "DemoXcode14NonParallelBuild/Supporting Files/Info.plist";
				IPHONEOS_DEPLOYMENT_TARGET = 15.0;
				LD_RUNPATH_SEARCH_PATHS = "$(inherited) @executable_path/Frameworks";
				PRODUCT_BUNDLE_IDENTIFIER = com.igor.demoxcode14nonparallelbuild;
				SDKROOT = iphoneos;
				TARGETED_DEVICE_FAMILY = "1,2";
				VALIDATE_PRODUCT = YES;
			};
			name = Release;
		};
		DD476B4910EE836F0F2C8F1C65A36C53 /* Debug */ = {
			isa = XCBuildConfiguration;
			buildSettings = {
				ALWAYS_SEARCH_USER_PATHS = NO;
				CLANG_ANALYZER_NONNULL = YES;
				CLANG_ANALYZER_NUMBER_OBJECT_CONVERSION = YES_AGGRESSIVE;
				CLANG_CXX_LANGUAGE_STANDARD = "gnu++14";
				CLANG_CXX_LIBRARY = "libc++";
				CLANG_ENABLE_MODULES = YES;
				CLANG_ENABLE_OBJC_ARC = YES;
				CLANG_ENABLE_OBJC_WEAK = YES;
				CLANG_WARN_BLOCK_CAPTURE_AUTORELEASING = YES;
				CLANG_WARN_BOOL_CONVERSION = YES;
				CLANG_WARN_COMMA = YES;
				CLANG_WARN_CONSTANT_CONVERSION = YES;
				CLANG_WARN_DEPRECATED_OBJC_IMPLEMENTATIONS = YES;
				CLANG_WARN_DIRECT_OBJC_ISA_USAGE = YES_ERROR;
				CLANG_WARN_DOCUMENTATION_COMMENTS = YES;
				CLANG_WARN_EMPTY_BODY = YES;
				CLANG_WARN_ENUM_CONVERSION = YES;
				CLANG_WARN_INFINITE_RECURSION = YES;
				CLANG_WARN_INT_CONVERSION = YES;
				CLANG_WARN_NON_LITERAL_NULL_CONVERSION = YES;
				CLANG_WARN_OBJC_IMPLICIT_RETAIN_SELF = YES;
				CLANG_WARN_OBJC_LITERAL_CONVERSION = YES;
				CLANG_WARN_OBJC_ROOT_CLASS = YES_ERROR;
				CLANG_WARN_QUOTED_INCLUDE_IN_FRAMEWORK_HEADER = YES;
				CLANG_WARN_RANGE_LOOP_ANALYSIS = YES;
				CLANG_WARN_STRICT_PROTOTYPES = YES;
				CLANG_WARN_SUSPICIOUS_MOVE = YES;
				CLANG_WARN_UNGUARDED_AVAILABILITY = YES_AGGRESSIVE;
				CLANG_WARN_UNREACHABLE_CODE = YES;
				CLANG_WARN__DUPLICATE_METHOD_MATCH = YES;
				COPY_PHASE_STRIP = NO;
				DEBUG_INFORMATION_FORMAT = dwarf;
				ENABLE_STRICT_OBJC_MSGSEND = YES;
				ENABLE_TESTABILITY = YES;
				GCC_C_LANGUAGE_STANDARD = gnu11;
				GCC_DYNAMIC_NO_PIC = NO;
				GCC_NO_COMMON_BLOCKS = YES;
				GCC_OPTIMIZATION_LEVEL = 0;
				GCC_PREPROCESSOR_DEFINITIONS = (
					"DEBUG=1",
					"$(inherited)",
				);
				GCC_WARN_64_TO_32_BIT_CONVERSION = YES;
				GCC_WARN_ABOUT_RETURN_TYPE = YES_ERROR;
				GCC_WARN_UNDECLARED_SELECTOR = YES;
				GCC_WARN_UNINITIALIZED_AUTOS = YES_AGGRESSIVE;
				GCC_WARN_UNUSED_FUNCTION = YES;
				GCC_WARN_UNUSED_VARIABLE = YES;
				MTL_ENABLE_DEBUG_INFO = INCLUDE_SOURCE;
				MTL_FAST_MATH = YES;
				ONLY_ACTIVE_ARCH = YES;
				PRODUCT_NAME = "$(TARGET_NAME)";
				SWIFT_ACTIVE_COMPILATION_CONDITIONS = DEBUG;
				SWIFT_OPTIMIZATION_LEVEL = "-Onone";
				SWIFT_VERSION = 5.0;
			};
			name = Debug;
		};
/* End XCBuildConfiguration section */

/* Begin XCConfigurationList section */
		0D905290016E0A89661A29FDDBC4D2AE /* Build configuration list for PBXNativeTarget "DemoXcode14NonParallelBuild" */ = {
			isa = XCConfigurationList;
			buildConfigurations = (
				7665632A8A7D8913AECBE025783D968C /* Debug */,
				B93344DEB9DBE65BDC6C3D69B4B1A883 /* Release */,
			);
			defaultConfigurationIsVisible = 0;
			defaultConfigurationName = Release;
		};
		83B29B0EF37B43807DE617B00EB07801 /* Build configuration list for PBXProject "DemoXcode14NonParallelBuild" */ = {
			isa = XCConfigurationList;
			buildConfigurations = (
				DD476B4910EE836F0F2C8F1C65A36C53 /* Debug */,
				32DDC07D5DD58F7EE6D25967304DBBE6 /* Release */,
			);
			defaultConfigurationIsVisible = 0;
			defaultConfigurationName = Release;
		};
/* End XCConfigurationList section */
	};
	rootObject = 1EB6939E3B9CD04F4C236ACDA46319EF /* Project object */;
}
